
Microsoft Visual Studio Solution File, Format Version 12.00
# Visual Studio Version 17
VisualStudioVersion = 17.11.35327.3
MinimumVisualStudioVersion = 10.0.40219.1
Project("{FAE04EC0-301F-11D3-BF4B-00C04F79EFBC}") = "gestion_des_visiteurs", "gestion_des_visiteurs.csproj", "{3E04036D-99C1-4A97-AC8B-09C2C8A2DD8F}"
EndProject
Global
	GlobalSection(SolutionConfigurationPlatforms) = preSolution
		Debug|Any CPU = Debug|Any CPU
		Release|Any CPU = Release|Any CPU
	EndGlobalSection
	GlobalSection(ProjectConfigurationPlatforms) = postSolution
		{3E04036D-99C1-4A97-AC8B-09C2C8A2DD8F}.Debug|Any CPU.ActiveCfg = Debug|Any CPU
		{3E04036D-99C1-4A97-AC8B-09C2C8A2DD8F}.Debug|Any CPU.Build.0 = Debug|Any CPU
		{3E04036D-99C1-4A97-AC8B-09C2C8A2DD8F}.Release|Any CPU.ActiveCfg = Release|Any CPU
		{3E04036D-99C1-4A97-AC8B-09C2C8A2DD8F}.Release|Any CPU.Build.0 = Release|Any CPU
	EndGlobalSection
	GlobalSection(SolutionProperties) = preSolution
		HideSolutionNode = FALSE
	EndGlobalSection
	GlobalSection(ExtensibilityGlobals) = postSolution
		SolutionGuid = {0DC1CBF3-73C2-4780-9AA2-24FE27B86359}
	EndGlobalSection
EndGlobal
